
Microsoft Visual Studio Solution File, Format Version 12.00
# Visual Studio 2012
Project("{FAE04EC0-301F-11D3-BF4B-00C04F79EFBC}") = "UI.Configurator", "UI.Configurator.csproj", "{AF319759-D34C-469F-859A-E894855A3D07}"
EndProject
Project("{FAE04EC0-301F-11D3-BF4B-00C04F79EFBC}") = "Framework", "..\UI.Web\Framework\Framework.csproj", "{6BFB2E35-7703-4E9C-AB34-5267B9C2A2FD}"
EndProject
Global
	GlobalSection(SolutionConfigurationPlatforms) = preSolution
		Debug|Any CPU = Debug|Any CPU
		Release|Any CPU = Release|Any CPU
	EndGlobalSection
	GlobalSection(ProjectConfigurationPlatforms) = postSolution
		{AF319759-D34C-469F-859A-E894855A3D07}.Debug|Any CPU.ActiveCfg = Debug|Any CPU
		{AF319759-D34C-469F-859A-E894855A3D07}.Debug|Any CPU.Build.0 = Debug|Any CPU
		{AF319759-D34C-469F-859A-E894855A3D07}.Release|Any CPU.ActiveCfg = Release|Any CPU
		{AF319759-D34C-469F-859A-E894855A3D07}.Release|Any CPU.Build.0 = Release|Any CPU
		{6BFB2E35-7703-4E9C-AB34-5267B9C2A2FD}.Debug|Any CPU.ActiveCfg = Debug|Any CPU
		{6BFB2E35-7703-4E9C-AB34-5267B9C2A2FD}.Debug|Any CPU.Build.0 = Debug|Any CPU
		{6BFB2E35-7703-4E9C-AB34-5267B9C2A2FD}.Release|Any CPU.ActiveCfg = Release|Any CPU
		{6BFB2E35-7703-4E9C-AB34-5267B9C2A2FD}.Release|Any CPU.Build.0 = Release|Any CPU
	EndGlobalSection
	GlobalSection(SolutionProperties) = preSolution
		HideSolutionNode = FALSE
	EndGlobalSection
EndGlobal
